
Microsoft Visual Studio Solution File, Format Version 12.00
Project("{FAE04EC0-301F-11D3-BF4B-00C04F79EFBC}") = "Msbt2Sheets", "Msbt2Sheets\Msbt2Sheets.csproj", "{7034EC9F-3B8C-42D1-9568-8AC852415328}"
EndProject
Global
	GlobalSection(SolutionConfigurationPlatforms) = preSolution
		Debug|Any CPU = Debug|Any CPU
		Release|Any CPU = Release|Any CPU
	EndGlobalSection
	GlobalSection(ProjectConfigurationPlatforms) = postSolution
		{7034EC9F-3B8C-42D1-9568-8AC852415328}.Debug|Any CPU.ActiveCfg = Debug|Any CPU
		{7034EC9F-3B8C-42D1-9568-8AC852415328}.Debug|Any CPU.Build.0 = Debug|Any CPU
		{7034EC9F-3B8C-42D1-9568-8AC852415328}.Release|Any CPU.ActiveCfg = Release|Any CPU
		{7034EC9F-3B8C-42D1-9568-8AC852415328}.Release|Any CPU.Build.0 = Release|Any CPU
	EndGlobalSection
EndGlobal
